// !$*UTF8*$!
{
	archiveVersion = 1;
	classes = {
	};
	objectVersion = 50;
	objects = {

/* Begin PBXBuildFile section */
		1BA60244248E7CEB003CEAC4 /* Main.storyboard in Resources */ = {isa = PBXBuildFile; fileRef = 1BA60243248E7CEB003CEAC4 /* Main.storyboard */; };
		1BA6024824923E63003CEAC4 /* Config.plist in Resources */ = {isa = PBXBuildFile; fileRef = 1BA6024724923E63003CEAC4 /* Config.plist */; };
		391371BF247687E900B7951F /* AppDelegate.swift in Sources */ = {isa = PBXBuildFile; fileRef = 391371BE247687E900B7951F /* AppDelegate.swift */; };
		391371C3247687E900B7951F /* LoginViewController.swift in Sources */ = {isa = PBXBuildFile; fileRef = 391371C2247687E900B7951F /* LoginViewController.swift */; };
		391371C8247687EB00B7951F /* Assets.xcassets in Resources */ = {isa = PBXBuildFile; fileRef = 391371C7247687EB00B7951F /* Assets.xcassets */; };
		391371CB247687EB00B7951F /* LaunchScreen.storyboard in Resources */ = {isa = PBXBuildFile; fileRef = 391371C9247687EB00B7951F /* LaunchScreen.storyboard */; };
		391371D3247688B200B7951F /* FastLinkViewController.swift in Sources */ = {isa = PBXBuildFile; fileRef = 391371D2247688B200B7951F /* FastLinkViewController.swift */; };
		391371D5247688CB00B7951F /* EventsInfoViewController.swift in Sources */ = {isa = PBXBuildFile; fileRef = 391371D4247688CB00B7951F /* EventsInfoViewController.swift */; };
		39F7314C24BBA23A00F4864D /* WebKit.framework in Frameworks */ = {isa = PBXBuildFile; fileRef = 39F7314B24BBA23A00F4864D /* WebKit.framework */; };
/* End PBXBuildFile section */

/* Begin PBXFileReference section */
		1BA60243248E7CEB003CEAC4 /* Main.storyboard */ = {isa = PBXFileReference; fileEncoding = 4; lastKnownFileType = file.storyboard; path = Main.storyboard; sourceTree = "<group>"; };
		1BA6024724923E63003CEAC4 /* Config.plist */ = {isa = PBXFileReference; fileEncoding = 4; lastKnownFileType = text.plist.xml; path = Config.plist; sourceTree = "<group>"; };
		391371BB247687E900B7951F /* FastLink.app */ = {isa = PBXFileReference; explicitFileType = wrapper.application; includeInIndex = 0; path = FastLink.app; sourceTree = BUILT_PRODUCTS_DIR; };
		391371BE247687E900B7951F /* AppDelegate.swift */ = {isa = PBXFileReference; lastKnownFileType = sourcecode.swift; path = AppDelegate.swift; sourceTree = "<group>"; };
		391371C2247687E900B7951F /* LoginViewController.swift */ = {isa = PBXFileReference; lastKnownFileType = sourcecode.swift; path = LoginViewController.swift; sourceTree = "<group>"; };
		391371C7247687EB00B7951F /* Assets.xcassets */ = {isa = PBXFileReference; lastKnownFileType = folder.assetcatalog; path = Assets.xcassets; sourceTree = "<group>"; };
		391371CA247687EB00B7951F /* Base */ = {isa = PBXFileReference; lastKnownFileType = file.storyboard; name = Base; path = Base.lproj/LaunchScreen.storyboard; sourceTree = "<group>"; };
		391371CC247687EB00B7951F /* Info.plist */ = {isa = PBXFileReference; lastKnownFileType = text.plist.xml; path = Info.plist; sourceTree = "<group>"; };
		391371D2247688B200B7951F /* FastLinkViewController.swift */ = {isa = PBXFileReference; lastKnownFileType = sourcecode.swift; path = FastLinkViewController.swift; sourceTree = "<group>"; };
		391371D4247688CB00B7951F /* EventsInfoViewController.swift */ = {isa = PBXFileReference; lastKnownFileType = sourcecode.swift; path = EventsInfoViewController.swift; sourceTree = "<group>"; };
		39F7314B24BBA23A00F4864D /* WebKit.framework */ = {isa = PBXFileReference; lastKnownFileType = wrapper.framework; name = WebKit.framework; path = System/Library/Frameworks/WebKit.framework; sourceTree = SDKROOT; };
/* End PBXFileReference section */

/* Begin PBXFrameworksBuildPhase section */
		391371B8247687E900B7951F /* Frameworks */ = {
			isa = PBXFrameworksBuildPhase;
			buildActionMask = 2147483647;
			files = (
				39F7314C24BBA23A00F4864D /* WebKit.framework in Frameworks */,
			);
			runOnlyForDeploymentPostprocessing = 0;
		};
/* End PBXFrameworksBuildPhase section */

/* Begin PBXGroup section */
		391371B2247687E900B7951F = {
			isa = PBXGroup;
			children = (
				391371BD247687E900B7951F /* FastLink */,
				391371BC247687E900B7951F /* Products */,
				39F7314A24BBA23A00F4864D /* Frameworks */,
			);
			sourceTree = "<group>";
		};
		391371BC247687E900B7951F /* Products */ = {
			isa = PBXGroup;
			children = (
				391371BB247687E900B7951F /* FastLink.app */,
			);
			name = Products;
			sourceTree = "<group>";
		};
		391371BD247687E900B7951F /* FastLink */ = {
			isa = PBXGroup;
			children = (
				391371BE247687E900B7951F /* AppDelegate.swift */,
				391371C2247687E900B7951F /* LoginViewController.swift */,
				391371D2247688B200B7951F /* FastLinkViewController.swift */,
				391371D4247688CB00B7951F /* EventsInfoViewController.swift */,
				1BA60243248E7CEB003CEAC4 /* Main.storyboard */,
				391371C7247687EB00B7951F /* Assets.xcassets */,
				391371C9247687EB00B7951F /* LaunchScreen.storyboard */,
				391371CC247687EB00B7951F /* Info.plist */,
				1BA6024724923E63003CEAC4 /* Config.plist */,
			);
			path = FastLink;
			sourceTree = "<group>";
		};
		39F7314A24BBA23A00F4864D /* Frameworks */ = {
			isa = PBXGroup;
			children = (
				39F7314B24BBA23A00F4864D /* WebKit.framework */,
			);
			name = Frameworks;
			sourceTree = "<group>";
		};
/* End PBXGroup section */

/* Begin PBXNativeTarget section */
		391371BA247687E900B7951F /* FastLink */ = {
			isa = PBXNativeTarget;
			buildConfigurationList = 391371CF247687EB00B7951F /* Build configuration list for PBXNativeTarget "FastLink" */;
			buildPhases = (
				391371B7247687E900B7951F /* Sources */,
				391371B8247687E900B7951F /* Frameworks */,
				391371B9247687E900B7951F /* Resources */,
			);
			buildRules = (
			);
			dependencies = (
			);
			name = FastLink;
			productName = FastLink;
			productReference = 391371BB247687E900B7951F /* FastLink.app */;
			productType = "com.apple.product-type.application";
		};
/* End PBXNativeTarget section */

/* Begin PBXProject section */
		391371B3247687E900B7951F /* Project object */ = {
			isa = PBXProject;
			attributes = {
				LastSwiftUpdateCheck = 1130;
				LastUpgradeCheck = 1130;
				ORGANIZATIONNAME = "Ashwin Preetham Lobo";
				TargetAttributes = {
					391371BA247687E900B7951F = {
						CreatedOnToolsVersion = 11.3.1;
					};
				};
			};
			buildConfigurationList = 391371B6247687E900B7951F /* Build configuration list for PBXProject "FastLink" */;
			compatibilityVersion = "Xcode 9.3";
			developmentRegion = en;
			hasScannedForEncodings = 0;
			knownRegions = (
				en,
				Base,
			);
			mainGroup = 391371B2247687E900B7951F;
			productRefGroup = 391371BC247687E900B7951F /* Products */;
			projectDirPath = "";
			projectRoot = "";
			targets = (
				391371BA247687E900B7951F /* FastLink */,
			);
		};
/* End PBXProject section */

/* Begin PBXResourcesBuildPhase section */
		391371B9247687E900B7951F /* Resources */ = {
			isa = PBXResourcesBuildPhase;
			buildActionMask = 2147483647;
			files = (
				1BA60244248E7CEB003CEAC4 /* Main.storyboard in Resources */,
				391371CB247687EB00B7951F /* LaunchScreen.storyboard in Resources */,
				391371C8247687EB00B7951F /* Assets.xcassets in Resources */,
				1BA6024824923E63003CEAC4 /* Config.plist in Resources */,
			);
			runOnlyForDeploymentPostprocessing = 0;
		};
/* End PBXResourcesBuildPhase section */

/* Begin PBXSourcesBuildPhase section */
		391371B7247687E900B7951F /* Sources */ = {
			isa = PBXSourcesBuildPhase;
			buildActionMask = 2147483647;
			files = (
				391371C3247687E900B7951F /* LoginViewController.swift in Sources */,
				391371BF247687E900B7951F /* AppDelegate.swift in Sources */,
				391371D3247688B200B7951F /* FastLinkViewController.swift in Sources */,
				391371D5247688CB00B7951F /* EventsInfoViewController.swift in Sources */,
			);
			runOnlyForDeploymentPostprocessing = 0;
		};
/* End PBXSourcesBuildPhase section */

/* Begin PBXVariantGroup section */
		391371C9247687EB00B7951F /* LaunchScreen.storyboard */ = {
			isa = PBXVariantGroup;
			children = (
				391371CA247687EB00B7951F /* Base */,
			);
			name = LaunchScreen.storyboard;
			sourceTree = "<group>";
		};
/* End PBXVariantGroup section */

/* Begin XCBuildConfiguration section */
		391371CD247687EB00B7951F /* Debug */ = {
			isa = XCBuildConfiguration;
			buildSettings = {
				ALWAYS_SEARCH_USER_PATHS = NO;
				CLANG_ANALYZER_NONNULL = YES;
				CLANG_ANALYZER_NUMBER_OBJECT_CONVERSION = YES_AGGRESSIVE;
				CLANG_CXX_LANGUAGE_STANDARD = "gnu++14";
				CLANG_CXX_LIBRARY = "libc++";
				CLANG_ENABLE_MODULES = YES;
				CLANG_ENABLE_OBJC_ARC = YES;
				CLANG_ENABLE_OBJC_WEAK = YES;
				CLANG_WARN_BLOCK_CAPTURE_AUTORELEASING = YES;
				CLANG_WARN_BOOL_CONVERSION = YES;
				CLANG_WARN_COMMA = YES;
				CLANG_WARN_CONSTANT_CONVERSION = YES;
				CLANG_WARN_DEPRECATED_OBJC_IMPLEMENTATIONS = YES;
				CLANG_WARN_DIRECT_OBJC_ISA_USAGE = YES_ERROR;
				CLANG_WARN_DOCUMENTATION_COMMENTS = YES;
				CLANG_WARN_EMPTY_BODY = YES;
				CLANG_WARN_ENUM_CONVERSION = YES;
				CLANG_WARN_INFINITE_RECURSION = YES;
				CLANG_WARN_INT_CONVERSION = YES;
				CLANG_WARN_NON_LITERAL_NULL_CONVERSION = YES;
				CLANG_WARN_OBJC_IMPLICIT_RETAIN_SELF = YES;
				CLANG_WARN_OBJC_LITERAL_CONVERSION = YES;
				CLANG_WARN_OBJC_ROOT_CLASS = YES_ERROR;
				CLANG_WARN_RANGE_LOOP_ANALYSIS = YES;
				CLANG_WARN_STRICT_PROTOTYPES = YES;
				CLANG_WARN_SUSPICIOUS_MOVE = YES;
				CLANG_WARN_UNGUARDED_AVAILABILITY = YES_AGGRESSIVE;
				CLANG_WARN_UNREACHABLE_CODE = YES;
				CLANG_WARN__DUPLICATE_METHOD_MATCH = YES;
				COPY_PHASE_STRIP = NO;
				DEBUG_INFORMATION_FORMAT = dwarf;
				ENABLE_STRICT_OBJC_MSGSEND = YES;
				ENABLE_TESTABILITY = YES;
				GCC_C_LANGUAGE_STANDARD = gnu11;
				GCC_DYNAMIC_NO_PIC = NO;
				GCC_NO_COMMON_BLOCKS = YES;
				GCC_OPTIMIZATION_LEVEL = 0;
				GCC_PREPROCESSOR_DEFINITIONS = (
					"DEBUG=1",
					"$(inherited)",
				);
				GCC_WARN_64_TO_32_BIT_CONVERSION = YES;
				GCC_WARN_ABOUT_RETURN_TYPE = YES_ERROR;
				GCC_WARN_UNDECLARED_SELECTOR = YES;
				GCC_WARN_UNINITIALIZED_AUTOS = YES_AGGRESSIVE;
				GCC_WARN_UNUSED_FUNCTION = YES;
				GCC_WARN_UNUSED_VARIABLE = YES;
				IPHONEOS_DEPLOYMENT_TARGET = 13.2;
				MTL_ENABLE_DEBUG_INFO = INCLUDE_SOURCE;
				MTL_FAST_MATH = YES;
				ONLY_ACTIVE_ARCH = YES;
				SDKROOT = iphoneos;
				SWIFT_ACTIVE_COMPILATION_CONDITIONS = DEBUG;
				SWIFT_OPTIMIZATION_LEVEL = "-Onone";
			};
			name = Debug;
		};
		391371CE247687EB00B7951F /* Release */ = {
			isa = XCBuildConfiguration;
			buildSettings = {
				ALWAYS_SEARCH_USER_PATHS = NO;
				CLANG_ANALYZER_NONNULL = YES;
				CLANG_ANALYZER_NUMBER_OBJECT_CONVERSION = YES_AGGRESSIVE;
				CLANG_CXX_LANGUAGE_STANDARD = "gnu++14";
				CLANG_CXX_LIBRARY = "libc++";
				CLANG_ENABLE_MODULES = YES;
				CLANG_ENABLE_OBJC_ARC = YES;
				CLANG_ENABLE_OBJC_WEAK = YES;
				CLANG_WARN_BLOCK_CAPTURE_AUTORELEASING = YES;
				CLANG_WARN_BOOL_CONVERSION = YES;
				CLANG_WARN_COMMA = YES;
				CLANG_WARN_CONSTANT_CONVERSION = YES;
				CLANG_WARN_DEPRECATED_OBJC_IMPLEMENTATIONS = YES;
				CLANG_WARN_DIRECT_OBJC_ISA_USAGE = YES_ERROR;
				CLANG_WARN_DOCUMENTATION_COMMENTS = YES;
				CLANG_WARN_EMPTY_BODY = YES;
				CLANG_WARN_ENUM_CONVERSION = YES;
				CLANG_WARN_INFINITE_RECURSION = YES;
				CLANG_WARN_INT_CONVERSION = YES;
				CLANG_WARN_NON_LITERAL_NULL_CONVERSION = YES;
				CLANG_WARN_OBJC_IMPLICIT_RETAIN_SELF = YES;
				CLANG_WARN_OBJC_LITERAL_CONVERSION = YES;
				CLANG_WARN_OBJC_ROOT_CLASS = YES_ERROR;
				CLANG_WARN_RANGE_LOOP_ANALYSIS = YES;
				CLANG_WARN_STRICT_PROTOTYPES = YES;
				CLANG_WARN_SUSPICIOUS_MOVE = YES;
				CLANG_WARN_UNGUARDED_AVAILABILITY = YES_AGGRESSIVE;
				CLANG_WARN_UNREACHABLE_CODE = YES;
				CLANG_WARN__DUPLICATE_METHOD_MATCH = YES;
				COPY_PHASE_STRIP = NO;
				DEBUG_INFORMATION_FORMAT = "dwarf-with-dsym";
				ENABLE_NS_ASSERTIONS = NO;
				ENABLE_STRICT_OBJC_MSGSEND = YES;
				GCC_C_LANGUAGE_STANDARD = gnu11;
				GCC_NO_COMMON_BLOCKS = YES;
				GCC_WARN_64_TO_32_BIT_CONVERSION = YES;
				GCC_WARN_ABOUT_RETURN_TYPE = YES_ERROR;
				GCC_WARN_UNDECLARED_SELECTOR = YES;
				GCC_WARN_UNINITIALIZED_AUTOS = YES_AGGRESSIVE;
				GCC_WARN_UNUSED_FUNCTION = YES;
				GCC_WARN_UNUSED_VARIABLE = YES;
				IPHONEOS_DEPLOYMENT_TARGET = 13.2;
				MTL_ENABLE_DEBUG_INFO = NO;
				MTL_FAST_MATH = YES;
				SDKROOT = iphoneos;
				SWIFT_COMPILATION_MODE = wholemodule;
				SWIFT_OPTIMIZATION_LEVEL = "-O";
				VALIDATE_PRODUCT = YES;
			};
			name = Release;
		};
		391371D0247687EB00B7951F /* Debug */ = {
			isa = XCBuildConfiguration;
			buildSettings = {
				ASSETCATALOG_COMPILER_APPICON_NAME = AppIcon;
				CODE_SIGN_IDENTITY = "iPhone Distribution: Yodlee, Inc. In-House";
				CODE_SIGN_STYLE = Manual;
				DEVELOPMENT_TEAM = J4D2BD935F;
				INFOPLIST_FILE = FastLink/Info.plist;
				IPHONEOS_DEPLOYMENT_TARGET = 11.0;
				LD_RUNPATH_SEARCH_PATHS = (
					"$(inherited)",
					"@executable_path/Frameworks",
				);
				PRODUCT_BUNDLE_IDENTIFIER = com.yodlee.fastlinkswift;
				PRODUCT_NAME = "$(TARGET_NAME)";
				PROVISIONING_PROFILE_SPECIFIER = "";
				SWIFT_VERSION = 4.2;
				TARGETED_DEVICE_FAMILY = "1,2";
			};
			name = Debug;
		};
		391371D1247687EB00B7951F /* Release */ = {
			isa = XCBuildConfiguration;
			buildSettings = {
				ASSETCATALOG_COMPILER_APPICON_NAME = AppIcon;
				CODE_SIGN_IDENTITY = "iPhone Distribution: Yodlee, Inc. In-House";
				CODE_SIGN_STYLE = Manual;
				DEVELOPMENT_TEAM = J4D2BD935F;
				INFOPLIST_FILE = FastLink/Info.plist;
				IPHONEOS_DEPLOYMENT_TARGET = 11.0;
				LD_RUNPATH_SEARCH_PATHS = (
					"$(inherited)",
					"@executable_path/Frameworks",
				);
				PRODUCT_BUNDLE_IDENTIFIER = com.yodlee.fastlinkswift;
				PRODUCT_NAME = "$(TARGET_NAME)";
				PROVISIONING_PROFILE_SPECIFIER = "";
				SWIFT_VERSION = 4.2;
				TARGETED_DEVICE_FAMILY = "1,2";
			};
			name = Release;
		};
/* End XCBuildConfiguration section */

/* Begin XCConfigurationList section */
		391371B6247687E900B7951F /* Build configuration list for PBXProject "FastLink" */ = {
			isa = XCConfigurationList;
			buildConfigurations = (
				391371CD247687EB00B7951F /* Debug */,
				391371CE247687EB00B7951F /* Release */,
			);
			defaultConfigurationIsVisible = 0;
			defaultConfigurationName = Release;
		};
		391371CF247687EB00B7951F /* Build configuration list for PBXNativeTarget "FastLink" */ = {
			isa = XCConfigurationList;
			buildConfigurations = (
				391371D0247687EB00B7951F /* Debug */,
				391371D1247687EB00B7951F /* Release */,
			);
			defaultConfigurationIsVisible = 0;
			defaultConfigurationName = Release;
		};
/* End XCConfigurationList section */
	};
	rootObject = 391371B3247687E900B7951F /* Project object */;
}
